github.com/davecgh/go-spew v1.1.0/go.mod h1:J7Y8YcW2NihsgmVo/mv3lAwl/skON4iLHjSsI+c5H38=
github.com/foxcpp/go-assuan v1.0.0 h1:KDSEmEGdHOzOjKmFUoaX/FGk1NxG/mHNAIdyksM8e4A=
github.com/foxcpp/go-assuan v1.0.0/go.mod h1:dQEJ9EaSSrUjd/g2PVaVEuV0TaoMDGwoh9XIDH1Q/Sc=
github.com/gopasspw/pinentry v0.0.2 h1:6OmkoTYMU05PmAJSIZSRjjhiQX15AstdgNa2KimH5XA=
github.com/gopasspw/pinentry v0.0.2/go.mod h1:lR1WuNI96rXXBCgM601Ima3acnX3ZSPthIAuG6lHa68=
github.com/keybase/go-keychain v0.0.0-20201121013009-976c83ec27a6 h1:Mj0fhP9dzHKPijsmli/XbXMDKe1/KWy5xKci8e3nmBg=
github.com/keybase/go-keychain v0.0.0-20201121013009-976c83ec27a6/go.mod h1:N83iQ9rnnzi2KZuTu+0xBcD1JNWn1jSN140ggAF7HeE=
github.com/keybase/go.dbus v0.0.0-20200324223359-a94be52c0b03/go.mod h1:a8clEhrrGV/d76/f9r2I41BwANMihfZYV9C223vaxqE=
github.com/lox/go-touchid v0.0.0-20170712105233-619cc8e578d0 h1:m81erW+1MD5vl3lKQ/+TYPHJ6Y9/C1COqxXPE51FkDk=
github.com/lox/go-touchid v0.0.0-20170712105233-619cc8e578d0/go.mod h1:EHbIQzfC3kdWFI81pLOFjssnolF+ALfmVf8PUdWBxo4=
github.com/pkg/errors v0.9.1/go.mod h1:bwawxfHBFNV+L2hUp1rHADufV3IMtnDRdf1r5NINEl0=
github.com/pmezard/go-difflib v1.0.0/go.mod h1:iKH77koFhYxTK1pcRnkKkqfTogsbg7gZNVY4sRDYZ/4=
github.com/stretchr/objx v0.1.0/go.mod h1:HFkY916IF+rwdDfMAkV7OtwuqBVzrE8GR6GFx+wExME=
github.com/stretchr/testify v1.5.1/go.mod h1:5W2xD1RspED5o8YsWQXVCued0rvSQ+mT+I5cxcmMvtA=
golang.org/x/crypto v0.0.0-20190308221718-c2843e01d9a2/go.mod h1:djNgcEr1/C05ACkg1iLfiJU5Ep61QUkGW8qpdssI0+w=
golang.org/x/crypto v0.0.0-20200323165209-0ec3e9974c59/go.mod h1:LzIPMQfyMNhhGPhUkYOs5KpL4U8rLKemX1yGLhDgUto=
golang.org/x/net v0.0.0-20190404232315-eb5bcb51f2a3/go.mod h1:t9HGtf8HONx5eT2rtn7q6eTqICYqUVnKs3thJo3Qplg=
golang.org/x/sys v0.0.0-20190215142949-d0b11bdaac8a/go.mod h1:STP8DvDyc/dI5b8T5hshtkjS+E42TnysNCUPdjciGhY=
golang.org/x/sys v0.0.0-20190412213103-97732733099d/go.mod h1:h1NjWce9XRLGQEsW7wpKNCjG9DtNlClVuFLEZdDNbEs=
golang.org/x/text v0.3.0/go.mod h1:NqM8EUOU14njkJ3fqMW+pc6Ldnwhi/IjpwHt7yyuwOQ=
gopkg.in/check.v1 v0.0.0-20161208181325-20d25e280405/go.mod h1:Co6ibVJAznAaIkqp8huTwlJQCZ016jof/cbN4VW5Yz0=
gopkg.in/yaml.v2 v2.2.2/go.mod h1:hI93XBmqTisBFMUTm0b8Fm+jr3Dg1NNxqwp+5A1VGuI=
